
Microsoft Visual Studio Solution File, Format Version 12.00
# Visual Studio Version 17
VisualStudioVersion = 17.4.33213.308
MinimumVisualStudioVersion = 10.0.40219.1
Project("{FAE04EC0-301F-11D3-BF4B-00C04F79EFBC}") = "Aho_Corasick", "Aho_Corasick.csproj", "{D72AFEEA-F208-4040-8839-C1884EE3A872}"
EndProject
Global
	GlobalSection(SolutionConfigurationPlatforms) = preSolution
		Debug|Any CPU = Debug|Any CPU
		Release|Any CPU = Release|Any CPU
	EndGlobalSection
	GlobalSection(ProjectConfigurationPlatforms) = postSolution
		{D72AFEEA-F208-4040-8839-C1884EE3A872}.Debug|Any CPU.ActiveCfg = Debug|Any CPU
		{D72AFEEA-F208-4040-8839-C1884EE3A872}.Debug|Any CPU.Build.0 = Debug|Any CPU
		{D72AFEEA-F208-4040-8839-C1884EE3A872}.Release|Any CPU.ActiveCfg = Release|Any CPU
		{D72AFEEA-F208-4040-8839-C1884EE3A872}.Release|Any CPU.Build.0 = Release|Any CPU
	EndGlobalSection
	GlobalSection(SolutionProperties) = preSolution
		HideSolutionNode = FALSE
	EndGlobalSection
	GlobalSection(ExtensibilityGlobals) = postSolution
		SolutionGuid = {4810259D-7B0D-49B5-ABE6-75FAAF9F30AB}
	EndGlobalSection
EndGlobal
